
Microsoft Visual Studio Solution File, Format Version 12.00
# Visual Studio Version 17
VisualStudioVersion = 17.5.2.0
MinimumVisualStudioVersion = 10.0.40219.1
Project("{FAE04EC0-301F-11D3-BF4B-00C04F79EFBC}") = "MovieService.Api", "MovieService.Api\MovieService.Api.csproj", "{D71C21B0-FC15-4447-8CF4-97A8184EEB17}"
EndProject
Global
	GlobalSection(SolutionConfigurationPlatforms) = preSolution
		Debug|Any CPU = Debug|Any CPU
		Debug|x64 = Debug|x64
		Debug|x86 = Debug|x86
		Release|Any CPU = Release|Any CPU
		Release|x64 = Release|x64
		Release|x86 = Release|x86
	EndGlobalSection
	GlobalSection(ProjectConfigurationPlatforms) = postSolution
		{92E7EEE2-2909-28DC-25DD-33558F5B8EE8}.Debug|Any CPU.ActiveCfg = Debug|Any CPU
		{92E7EEE2-2909-28DC-25DD-33558F5B8EE8}.Debug|Any CPU.Build.0 = Debug|Any CPU
		{92E7EEE2-2909-28DC-25DD-33558F5B8EE8}.Debug|x64.ActiveCfg = Debug|Any CPU
		{92E7EEE2-2909-28DC-25DD-33558F5B8EE8}.Debug|x64.Build.0 = Debug|Any CPU
		{92E7EEE2-2909-28DC-25DD-33558F5B8EE8}.Debug|x86.ActiveCfg = Debug|Any CPU
		{92E7EEE2-2909-28DC-25DD-33558F5B8EE8}.Debug|x86.Build.0 = Debug|Any CPU
		{92E7EEE2-2909-28DC-25DD-33558F5B8EE8}.Release|Any CPU.ActiveCfg = Release|Any CPU
		{92E7EEE2-2909-28DC-25DD-33558F5B8EE8}.Release|Any CPU.Build.0 = Release|Any CPU
		{92E7EEE2-2909-28DC-25DD-33558F5B8EE8}.Release|x64.ActiveCfg = Release|Any CPU
		{92E7EEE2-2909-28DC-25DD-33558F5B8EE8}.Release|x64.Build.0 = Release|Any CPU
		{92E7EEE2-2909-28DC-25DD-33558F5B8EE8}.Release|x86.ActiveCfg = Release|Any CPU
		{92E7EEE2-2909-28DC-25DD-33558F5B8EE8}.Release|x86.Build.0 = Release|Any CPU
		{D71C21B0-FC15-4447-8CF4-97A8184EEB17}.Debug|Any CPU.ActiveCfg = Debug|Any CPU
		{D71C21B0-FC15-4447-8CF4-97A8184EEB17}.Debug|Any CPU.Build.0 = Debug|Any CPU
		{D71C21B0-FC15-4447-8CF4-97A8184EEB17}.Debug|x64.ActiveCfg = Debug|Any CPU
		{D71C21B0-FC15-4447-8CF4-97A8184EEB17}.Debug|x64.Build.0 = Debug|Any CPU
		{D71C21B0-FC15-4447-8CF4-97A8184EEB17}.Debug|x86.ActiveCfg = Debug|Any CPU
		{D71C21B0-FC15-4447-8CF4-97A8184EEB17}.Debug|x86.Build.0 = Debug|Any CPU
		{D71C21B0-FC15-4447-8CF4-97A8184EEB17}.Release|Any CPU.ActiveCfg = Release|Any CPU
		{D71C21B0-FC15-4447-8CF4-97A8184EEB17}.Release|Any CPU.Build.0 = Release|Any CPU
		{D71C21B0-FC15-4447-8CF4-97A8184EEB17}.Release|x64.ActiveCfg = Release|Any CPU
		{D71C21B0-FC15-4447-8CF4-97A8184EEB17}.Release|x64.Build.0 = Release|Any CPU
		{D71C21B0-FC15-4447-8CF4-97A8184EEB17}.Release|x86.ActiveCfg = Release|Any CPU
		{D71C21B0-FC15-4447-8CF4-97A8184EEB17}.Release|x86.Build.0 = Release|Any CPU
	EndGlobalSection
	GlobalSection(SolutionProperties) = preSolution
		HideSolutionNode = FALSE
	EndGlobalSection
	GlobalSection(ExtensibilityGlobals) = postSolution
		SolutionGuid = {B1C16111-47D0-40AE-84B5-69A85666EEAF}
	EndGlobalSection
EndGlobal
